Microsoft Visual Studio Solution File, Format Version 12.00
# Visual Studio 15
VisualStudioVersion = 15.0.26430.16
MinimumVisualStudioVersion = 15.0.26124.0
Project("{2150E333-8FDC-42A3-9474-1A3956D46DE8}") = "src", "src", "{0A5957DE-A3CC-4132-AC34-6AF3DC244E53}"
EndProject
Project("{9A19103F-16F7-4668-BE54-9A1E7A4F7556}") = "Tdd.Exercise1a", "src\Tdd.Exercise1a\Tdd.Exercise1a.csproj", "{AE689E68-D011-48A9-A0C4-1C7AEF8BAE80}"
EndProject
Project("{2150E333-8FDC-42A3-9474-1A3956D46DE8}") = "tests", "tests", "{06E22993-8FD8-488E-A5A7-73B78632F857}"
EndProject
Project("{9A19103F-16F7-4668-BE54-9A1E7A4F7556}") = "Tdd.Exercise1a.Tests", "tests\Tdd.Exercise1a.Tests\Tdd.Exercise1a.Tests.csproj", "{62FA670F-8D0B-4AB3-BAF5-80006ABACD85}"
EndProject
Global
	GlobalSection(SolutionConfigurationPlatforms) = preSolution
		Debug|Any CPU = Debug|Any CPU
		Debug|x64 = Debug|x64
		Debug|x86 = Debug|x86
		Release|Any CPU = Release|Any CPU
		Release|x64 = Release|x64
		Release|x86 = Release|x86
	EndGlobalSection
	GlobalSection(ProjectConfigurationPlatforms) = postSolution
		{AE689E68-D011-48A9-A0C4-1C7AEF8BAE80}.Debug|Any CPU.ActiveCfg = Debug|Any CPU
		{AE689E68-D011-48A9-A0C4-1C7AEF8BAE80}.Debug|Any CPU.Build.0 = Debug|Any CPU
		{AE689E68-D011-48A9-A0C4-1C7AEF8BAE80}.Debug|x64.ActiveCfg = Debug|Any CPU
		{AE689E68-D011-48A9-A0C4-1C7AEF8BAE80}.Debug|x64.Build.0 = Debug|Any CPU
		{AE689E68-D011-48A9-A0C4-1C7AEF8BAE80}.Debug|x86.ActiveCfg = Debug|Any CPU
		{AE689E68-D011-48A9-A0C4-1C7AEF8BAE80}.Debug|x86.Build.0 = Debug|Any CPU
		{AE689E68-D011-48A9-A0C4-1C7AEF8BAE80}.Release|Any CPU.ActiveCfg = Release|Any CPU
		{AE689E68-D011-48A9-A0C4-1C7AEF8BAE80}.Release|Any CPU.Build.0 = Release|Any CPU
		{AE689E68-D011-48A9-A0C4-1C7AEF8BAE80}.Release|x64.ActiveCfg = Release|Any CPU
		{AE689E68-D011-48A9-A0C4-1C7AEF8BAE80}.Release|x64.Build.0 = Release|Any CPU
		{AE689E68-D011-48A9-A0C4-1C7AEF8BAE80}.Release|x86.ActiveCfg = Release|Any CPU
		{AE689E68-D011-48A9-A0C4-1C7AEF8BAE80}.Release|x86.Build.0 = Release|Any CPU
		{62FA670F-8D0B-4AB3-BAF5-80006ABACD85}.Debug|Any CPU.ActiveCfg = Debug|Any CPU
		{62FA670F-8D0B-4AB3-BAF5-80006ABACD85}.Debug|Any CPU.Build.0 = Debug|Any CPU
		{62FA670F-8D0B-4AB3-BAF5-80006ABACD85}.Debug|x64.ActiveCfg = Debug|Any CPU
		{62FA670F-8D0B-4AB3-BAF5-80006ABACD85}.Debug|x64.Build.0 = Debug|Any CPU
		{62FA670F-8D0B-4AB3-BAF5-80006ABACD85}.Debug|x86.ActiveCfg = Debug|Any CPU
		{62FA670F-8D0B-4AB3-BAF5-80006ABACD85}.Debug|x86.Build.0 = Debug|Any CPU
		{62FA670F-8D0B-4AB3-BAF5-80006ABACD85}.Release|Any CPU.ActiveCfg = Release|Any CPU
		{62FA670F-8D0B-4AB3-BAF5-80006ABACD85}.Release|Any CPU.Build.0 = Release|Any CPU
		{62FA670F-8D0B-4AB3-BAF5-80006ABACD85}.Release|x64.ActiveCfg = Release|Any CPU
		{62FA670F-8D0B-4AB3-BAF5-80006ABACD85}.Release|x64.Build.0 = Release|Any CPU
		{62FA670F-8D0B-4AB3-BAF5-80006ABACD85}.Release|x86.ActiveCfg = Release|Any CPU
		{62FA670F-8D0B-4AB3-BAF5-80006ABACD85}.Release|x86.Build.0 = Release|Any CPU
	EndGlobalSection
	GlobalSection(SolutionProperties) = preSolution
		HideSolutionNode = FALSE
	EndGlobalSection
	GlobalSection(NestedProjects) = preSolution
		{AE689E68-D011-48A9-A0C4-1C7AEF8BAE80} = {0A5957DE-A3CC-4132-AC34-6AF3DC244E53}
		{62FA670F-8D0B-4AB3-BAF5-80006ABACD85} = {06E22993-8FD8-488E-A5A7-73B78632F857}
	EndGlobalSection
EndGlobal
